// !$*UTF8*$!
{
	archiveVersion = 1;
	classes = {
	};
	objectVersion = 56;
	objects = {

/* Begin PBXBuildFile section */
		750B0F8428D12236005A5CBC /* MoreViewController.swift in Sources */ = {isa = PBXBuildFile; fileRef = 750B0F8228D12236005A5CBC /* MoreViewController.swift */; };
		750B0F8528D12236005A5CBC /* MoreViewController.xib in Resources */ = {isa = PBXBuildFile; fileRef = 750B0F8328D12236005A5CBC /* MoreViewController.xib */; };
		751414EC28CA7D12006BDB13 /* HomeViewController.swift in Sources */ = {isa = PBXBuildFile; fileRef = 751414EA28CA7D12006BDB13 /* HomeViewController.swift */; };
		751414F028CA7D81006BDB13 /* TabBarController.swift in Sources */ = {isa = PBXBuildFile; fileRef = 751414EF28CA7D81006BDB13 /* TabBarController.swift */; };
		7538168E28F248BF00B1E540 /* HomeViewModel.swift in Sources */ = {isa = PBXBuildFile; fileRef = 7538168D28F248BF00B1E540 /* HomeViewModel.swift */; };
		7538169028F3344900B1E540 /* SearchViewModel.swift in Sources */ = {isa = PBXBuildFile; fileRef = 7538168F28F3344900B1E540 /* SearchViewModel.swift */; };
		7538169328F34FED00B1E540 /* MovieInfoView.swift in Sources */ = {isa = PBXBuildFile; fileRef = 7538169228F34FED00B1E540 /* MovieInfoView.swift */; };
		7538169528F3502100B1E540 /* MovieInfoViewModel.swift in Sources */ = {isa = PBXBuildFile; fileRef = 7538169428F3502100B1E540 /* MovieInfoViewModel.swift */; };
		754E88D828E3243900636BC5 /* MovieSearchMulti.swift in Sources */ = {isa = PBXBuildFile; fileRef = 754E88D728E3243900636BC5 /* MovieSearchMulti.swift */; };
		754E88DA28E324BD00636BC5 /* Movie.swift in Sources */ = {isa = PBXBuildFile; fileRef = 754E88D928E324BD00636BC5 /* Movie.swift */; };
		754E88DE28E3A15B00636BC5 /* MovieDetailsViewController.swift in Sources */ = {isa = PBXBuildFile; fileRef = 754E88DC28E3A15B00636BC5 /* MovieDetailsViewController.swift */; };
		754E88DF28E3A15B00636BC5 /* MovieDetailsViewController.xib in Resources */ = {isa = PBXBuildFile; fileRef = 754E88DD28E3A15B00636BC5 /* MovieDetailsViewController.xib */; };
		75717D3628CE2171008341A0 /* SearchViewController.swift in Sources */ = {isa = PBXBuildFile; fileRef = 75717D3428CE2171008341A0 /* SearchViewController.swift */; };
		75717D3B28CE7416008341A0 /* SearchCollectionViewCell.swift in Sources */ = {isa = PBXBuildFile; fileRef = 75717D3928CE7416008341A0 /* SearchCollectionViewCell.swift */; };
		75717D3C28CE7416008341A0 /* SearchCollectionViewCell.xib in Resources */ = {isa = PBXBuildFile; fileRef = 75717D3A28CE7416008341A0 /* SearchCollectionViewCell.xib */; };
		75717D4028CE960B008341A0 /* FavouritesViewController.swift in Sources */ = {isa = PBXBuildFile; fileRef = 75717D3E28CE960B008341A0 /* FavouritesViewController.swift */; };
		75717D4128CE960B008341A0 /* FavouritesViewController.xib in Resources */ = {isa = PBXBuildFile; fileRef = 75717D3F28CE960B008341A0 /* FavouritesViewController.xib */; };
		75717D4428CE97F6008341A0 /* FavouritesTableViewCell.swift in Sources */ = {isa = PBXBuildFile; fileRef = 75717D4228CE97F6008341A0 /* FavouritesTableViewCell.swift */; };
		75717D4528CE97F6008341A0 /* FavouritesTableViewCell.xib in Resources */ = {isa = PBXBuildFile; fileRef = 75717D4328CE97F6008341A0 /* FavouritesTableViewCell.xib */; };
		75AB73C628D8BBEC000F9D3B /* NetworkConfiguration.swift in Sources */ = {isa = PBXBuildFile; fileRef = 75AB73C528D8BBEC000F9D3B /* NetworkConfiguration.swift */; };
		75AB73C828D909E4000F9D3B /* PosterCollectionViewCell.swift in Sources */ = {isa = PBXBuildFile; fileRef = 75AB73C728D909E4000F9D3B /* PosterCollectionViewCell.swift */; };
		75F1DA2628DE25D400B38AAA /* UIImageView+ImageLoading.swift in Sources */ = {isa = PBXBuildFile; fileRef = 75F1DA2528DE25D400B38AAA /* UIImageView+ImageLoading.swift */; };
		AAA32DA728D1374700DE8ACA /* NetworkingManager.swift in Sources */ = {isa = PBXBuildFile; fileRef = AAA32DA628D1374700DE8ACA /* NetworkingManager.swift */; };
		AAA32DAA28D143A900DE8ACA /* Kingfisher in Frameworks */ = {isa = PBXBuildFile; productRef = AAA32DA928D143A900DE8ACA /* Kingfisher */; };
		AAA32DAC28D1469F00DE8ACA /* PaginatedList.swift in Sources */ = {isa = PBXBuildFile; fileRef = AAA32DAB28D1469F00DE8ACA /* PaginatedList.swift */; };
		AAA32DAE28D146B000DE8ACA /* DiscoverMoviesRemote.swift in Sources */ = {isa = PBXBuildFile; fileRef = AAA32DAD28D146B000DE8ACA /* DiscoverMoviesRemote.swift */; };
		AAAAFE7D28C66F6C00A174BC /* AppDelegate.swift in Sources */ = {isa = PBXBuildFile; fileRef = AAAAFE7C28C66F6C00A174BC /* AppDelegate.swift */; };
		AAAAFE8628C66F6D00A174BC /* Assets.xcassets in Resources */ = {isa = PBXBuildFile; fileRef = AAAAFE8528C66F6D00A174BC /* Assets.xcassets */; };
		AAAAFE8928C66F6D00A174BC /* LaunchScreen.storyboard in Resources */ = {isa = PBXBuildFile; fileRef = AAAAFE8728C66F6D00A174BC /* LaunchScreen.storyboard */; };
/* End PBXBuildFile section */

/* Begin PBXFileReference section */
		750B0F8228D12236005A5CBC /* MoreViewController.swift */ = {isa = PBXFileReference; lastKnownFileType = sourcecode.swift; path = MoreViewController.swift; sourceTree = "<group>"; };
		750B0F8328D12236005A5CBC /* MoreViewController.xib */ = {isa = PBXFileReference; lastKnownFileType = file.xib; path = MoreViewController.xib; sourceTree = "<group>"; };
		751414EA28CA7D12006BDB13 /* HomeViewController.swift */ = {isa = PBXFileReference; lastKnownFileType = sourcecode.swift; path = HomeViewController.swift; sourceTree = "<group>"; };
		751414EF28CA7D81006BDB13 /* TabBarController.swift */ = {isa = PBXFileReference; lastKnownFileType = sourcecode.swift; path = TabBarController.swift; sourceTree = "<group>"; };
		7538168D28F248BF00B1E540 /* HomeViewModel.swift */ = {isa = PBXFileReference; lastKnownFileType = sourcecode.swift; path = HomeViewModel.swift; sourceTree = "<group>"; };
		7538168F28F3344900B1E540 /* SearchViewModel.swift */ = {isa = PBXFileReference; lastKnownFileType = sourcecode.swift; path = SearchViewModel.swift; sourceTree = "<group>"; };
		7538169228F34FED00B1E540 /* MovieInfoView.swift */ = {isa = PBXFileReference; lastKnownFileType = sourcecode.swift; path = MovieInfoView.swift; sourceTree = "<group>"; };
		7538169428F3502100B1E540 /* MovieInfoViewModel.swift */ = {isa = PBXFileReference; lastKnownFileType = sourcecode.swift; path = MovieInfoViewModel.swift; sourceTree = "<group>"; };
		754E88D728E3243900636BC5 /* MovieSearchMulti.swift */ = {isa = PBXFileReference; lastKnownFileType = sourcecode.swift; path = MovieSearchMulti.swift; sourceTree = "<group>"; };
		754E88D928E324BD00636BC5 /* Movie.swift */ = {isa = PBXFileReference; lastKnownFileType = sourcecode.swift; path = Movie.swift; sourceTree = "<group>"; };
		754E88DC28E3A15B00636BC5 /* MovieDetailsViewController.swift */ = {isa = PBXFileReference; lastKnownFileType = sourcecode.swift; path = MovieDetailsViewController.swift; sourceTree = "<group>"; };
		754E88DD28E3A15B00636BC5 /* MovieDetailsViewController.xib */ = {isa = PBXFileReference; lastKnownFileType = file.xib; path = MovieDetailsViewController.xib; sourceTree = "<group>"; };
		75717D3428CE2171008341A0 /* SearchViewController.swift */ = {isa = PBXFileReference; lastKnownFileType = sourcecode.swift; path = SearchViewController.swift; sourceTree = "<group>"; };
		75717D3928CE7416008341A0 /* SearchCollectionViewCell.swift */ = {isa = PBXFileReference; lastKnownFileType = sourcecode.swift; path = SearchCollectionViewCell.swift; sourceTree = "<group>"; };
		75717D3A28CE7416008341A0 /* SearchCollectionViewCell.xib */ = {isa = PBXFileReference; lastKnownFileType = file.xib; path = SearchCollectionViewCell.xib; sourceTree = "<group>"; };
		75717D3E28CE960B008341A0 /* FavouritesViewController.swift */ = {isa = PBXFileReference; lastKnownFileType = sourcecode.swift; path = FavouritesViewController.swift; sourceTree = "<group>"; };
		75717D3F28CE960B008341A0 /* FavouritesViewController.xib */ = {isa = PBXFileReference; lastKnownFileType = file.xib; path = FavouritesViewController.xib; sourceTree = "<group>"; };
		75717D4228CE97F6008341A0 /* FavouritesTableViewCell.swift */ = {isa = PBXFileReference; lastKnownFileType = sourcecode.swift; path = FavouritesTableViewCell.swift; sourceTree = "<group>"; };
		75717D4328CE97F6008341A0 /* FavouritesTableViewCell.xib */ = {isa = PBXFileReference; lastKnownFileType = file.xib; path = FavouritesTableViewCell.xib; sourceTree = "<group>"; };
		75AB73C528D8BBEC000F9D3B /* NetworkConfiguration.swift */ = {isa = PBXFileReference; lastKnownFileType = sourcecode.swift; path = NetworkConfiguration.swift; sourceTree = "<group>"; };
		75AB73C728D909E4000F9D3B /* PosterCollectionViewCell.swift */ = {isa = PBXFileReference; lastKnownFileType = sourcecode.swift; name = PosterCollectionViewCell.swift; path = NetflixClone/Classes/Networking/PosterCollectionViewCell.swift; sourceTree = SOURCE_ROOT; };
		75F1DA2528DE25D400B38AAA /* UIImageView+ImageLoading.swift */ = {isa = PBXFileReference; lastKnownFileType = sourcecode.swift; path = "UIImageView+ImageLoading.swift"; sourceTree = "<group>"; };
		AAA32DA628D1374700DE8ACA /* NetworkingManager.swift */ = {isa = PBXFileReference; lastKnownFileType = sourcecode.swift; path = NetworkingManager.swift; sourceTree = "<group>"; };
		AAA32DAB28D1469F00DE8ACA /* PaginatedList.swift */ = {isa = PBXFileReference; lastKnownFileType = sourcecode.swift; path = PaginatedList.swift; sourceTree = "<group>"; };
		AAA32DAD28D146B000DE8ACA /* DiscoverMoviesRemote.swift */ = {isa = PBXFileReference; lastKnownFileType = sourcecode.swift; path = DiscoverMoviesRemote.swift; sourceTree = "<group>"; };
		AAAAFE7928C66F6C00A174BC /* NetflixClone.app */ = {isa = PBXFileReference; explicitFileType = wrapper.application; includeInIndex = 0; path = NetflixClone.app; sourceTree = BUILT_PRODUCTS_DIR; };
		AAAAFE7C28C66F6C00A174BC /* AppDelegate.swift */ = {isa = PBXFileReference; lastKnownFileType = sourcecode.swift; path = AppDelegate.swift; sourceTree = "<group>"; };
		AAAAFE8528C66F6D00A174BC /* Assets.xcassets */ = {isa = PBXFileReference; lastKnownFileType = folder.assetcatalog; path = Assets.xcassets; sourceTree = "<group>"; };
		AAAAFE8828C66F6D00A174BC /* Base */ = {isa = PBXFileReference; lastKnownFileType = file.storyboard; name = Base; path = Base.lproj/LaunchScreen.storyboard; sourceTree = "<group>"; };
		AAAAFE8A28C66F6D00A174BC /* Info.plist */ = {isa = PBXFileReference; lastKnownFileType = text.plist.xml; path = Info.plist; sourceTree = "<group>"; };
/* End PBXFileReference section */

/* Begin PBXFrameworksBuildPhase section */
		AAAAFE7628C66F6C00A174BC /* Frameworks */ = {
			isa = PBXFrameworksBuildPhase;
			buildActionMask = 2147483647;
			files = (
				AAA32DAA28D143A900DE8ACA /* Kingfisher in Frameworks */,
			);
			runOnlyForDeploymentPostprocessing = 0;
		};
/* End PBXFrameworksBuildPhase section */

/* Begin PBXGroup section */
		750B0F7F28D121DA005A5CBC /* More */ = {
			isa = PBXGroup;
			children = (
				750B0F8328D12236005A5CBC /* MoreViewController.xib */,
				750B0F8228D12236005A5CBC /* MoreViewController.swift */,
			);
			path = More;
			sourceTree = "<group>";
		};
		751414E828CA7CDA006BDB13 /* Classes */ = {
			isa = PBXGroup;
			children = (
				AAA32DAF28D146C000DE8ACA /* Scenes */,
				AAA32DB028D146CA00DE8ACA /* Networking */,
				AAA32DB128D146D400DE8ACA /* Models */,
				75F1DA2728DE25D900B38AAA /* Extensions */,
			);
			path = Classes;
			sourceTree = "<group>";
		};
		751414E928CA7CFB006BDB13 /* Home */ = {
			isa = PBXGroup;
			children = (
				75B6C0B828D0C05B00EB8F47 /* Cells */,
				751414EA28CA7D12006BDB13 /* HomeViewController.swift */,
				7538168D28F248BF00B1E540 /* HomeViewModel.swift */,
			);
			path = Home;
			sourceTree = "<group>";
		};
		751414EE28CA7D5A006BDB13 /* TabBar */ = {
			isa = PBXGroup;
			children = (
				751414EF28CA7D81006BDB13 /* TabBarController.swift */,
			);
			path = TabBar;
			sourceTree = "<group>";
		};
		7538169128F34FC400B1E540 /* Display */ = {
			isa = PBXGroup;
			children = (
				7538169228F34FED00B1E540 /* MovieInfoView.swift */,
				7538169428F3502100B1E540 /* MovieInfoViewModel.swift */,
			);
			path = Display;
			sourceTree = "<group>";
		};
		754E88DB28E3A12100636BC5 /* MovieDetails */ = {
			isa = PBXGroup;
			children = (
				754E88DC28E3A15B00636BC5 /* MovieDetailsViewController.swift */,
				754E88DD28E3A15B00636BC5 /* MovieDetailsViewController.xib */,
			);
			path = MovieDetails;
			sourceTree = "<group>";
		};
		75717D3328CE215E008341A0 /* Search */ = {
			isa = PBXGroup;
			children = (
				75717D3828CE73EE008341A0 /* Cells */,
				75717D3428CE2171008341A0 /* SearchViewController.swift */,
				7538168F28F3344900B1E540 /* SearchViewModel.swift */,
			);
			path = Search;
			sourceTree = "<group>";
		};
		75717D3828CE73EE008341A0 /* Cells */ = {
			isa = PBXGroup;
			children = (
				75717D3928CE7416008341A0 /* SearchCollectionViewCell.swift */,
				75717D3A28CE7416008341A0 /* SearchCollectionViewCell.xib */,
			);
			path = Cells;
			sourceTree = "<group>";
		};
		75717D3D28CE95D8008341A0 /* Favourites */ = {
			isa = PBXGroup;
			children = (
				75717D3E28CE960B008341A0 /* FavouritesViewController.swift */,
				75717D3F28CE960B008341A0 /* FavouritesViewController.xib */,
				75717D4728CE9808008341A0 /* Cells */,
			);
			path = Favourites;
			sourceTree = "<group>";
		};
		75717D4728CE9808008341A0 /* Cells */ = {
			isa = PBXGroup;
			children = (
				75717D4228CE97F6008341A0 /* FavouritesTableViewCell.swift */,
				75717D4328CE97F6008341A0 /* FavouritesTableViewCell.xib */,
			);
			path = Cells;
			sourceTree = "<group>";
		};
		75B6C0B828D0C05B00EB8F47 /* Cells */ = {
			isa = PBXGroup;
			children = (
				75AB73C728D909E4000F9D3B /* PosterCollectionViewCell.swift */,
			);
			path = Cells;
			sourceTree = "<group>";
		};
		75F1DA2728DE25D900B38AAA /* Extensions */ = {
			isa = PBXGroup;
			children = (
				75F1DA2528DE25D400B38AAA /* UIImageView+ImageLoading.swift */,
			);
			path = Extensions;
			sourceTree = "<group>";
		};
		AAA32DAF28D146C000DE8ACA /* Scenes */ = {
			isa = PBXGroup;
			children = (
				7538169128F34FC400B1E540 /* Display */,
				754E88DB28E3A12100636BC5 /* MovieDetails */,
				750B0F7F28D121DA005A5CBC /* More */,
				75717D3D28CE95D8008341A0 /* Favourites */,
				75717D3328CE215E008341A0 /* Search */,
				751414EE28CA7D5A006BDB13 /* TabBar */,
				751414E928CA7CFB006BDB13 /* Home */,
			);
			path = Scenes;
			sourceTree = "<group>";
		};
		AAA32DB028D146CA00DE8ACA /* Networking */ = {
			isa = PBXGroup;
			children = (
				AAA32DA628D1374700DE8ACA /* NetworkingManager.swift */,
				AAA32DAD28D146B000DE8ACA /* DiscoverMoviesRemote.swift */,
				75AB73C528D8BBEC000F9D3B /* NetworkConfiguration.swift */,
			);
			path = Networking;
			sourceTree = "<group>";
		};
		AAA32DB128D146D400DE8ACA /* Models */ = {
			isa = PBXGroup;
			children = (
				754E88D728E3243900636BC5 /* MovieSearchMulti.swift */,
				AAA32DAB28D1469F00DE8ACA /* PaginatedList.swift */,
				754E88D928E324BD00636BC5 /* Movie.swift */,
			);
			path = Models;
			sourceTree = "<group>";
		};
		AAAAFE7028C66F6C00A174BC = {
			isa = PBXGroup;
			children = (
				AAAAFE7B28C66F6C00A174BC /* NetflixClone */,
				AAAAFE7A28C66F6C00A174BC /* Products */,
			);
			sourceTree = "<group>";
		};
		AAAAFE7A28C66F6C00A174BC /* Products */ = {
			isa = PBXGroup;
			children = (
				AAAAFE7928C66F6C00A174BC /* NetflixClone.app */,
			);
			name = Products;
			sourceTree = "<group>";
		};
		AAAAFE7B28C66F6C00A174BC /* NetflixClone */ = {
			isa = PBXGroup;
			children = (
				751414E828CA7CDA006BDB13 /* Classes */,
				AAAAFE7C28C66F6C00A174BC /* AppDelegate.swift */,
				AAAAFE8528C66F6D00A174BC /* Assets.xcassets */,
				AAAAFE8728C66F6D00A174BC /* LaunchScreen.storyboard */,
				AAAAFE8A28C66F6D00A174BC /* Info.plist */,
			);
			path = NetflixClone;
			sourceTree = "<group>";
		};
/* End PBXGroup section */

/* Begin PBXNativeTarget section */
		AAAAFE7828C66F6C00A174BC /* NetflixClone */ = {
			isa = PBXNativeTarget;
			buildConfigurationList = AAAAFE8D28C66F6D00A174BC /* Build configuration list for PBXNativeTarget "NetflixClone" */;
			buildPhases = (
				AAAAFE7528C66F6C00A174BC /* Sources */,
				AAAAFE7628C66F6C00A174BC /* Frameworks */,
				AAAAFE7728C66F6C00A174BC /* Resources */,
				75F1DA2828DE7A0E00B38AAA /* ShellScript */,
			);
			buildRules = (
			);
			dependencies = (
			);
			name = NetflixClone;
			packageProductDependencies = (
				AAA32DA928D143A900DE8ACA /* Kingfisher */,
			);
			productName = NetflixClone;
			productReference = AAAAFE7928C66F6C00A174BC /* NetflixClone.app */;
			productType = "com.apple.product-type.application";
		};
/* End PBXNativeTarget section */

/* Begin PBXProject section */
		AAAAFE7128C66F6C00A174BC /* Project object */ = {
			isa = PBXProject;
			attributes = {
				BuildIndependentTargetsInParallel = 1;
				LastSwiftUpdateCheck = 1400;
				LastUpgradeCheck = 1400;
				TargetAttributes = {
					AAAAFE7828C66F6C00A174BC = {
						CreatedOnToolsVersion = 14.0;
					};
				};
			};
			buildConfigurationList = AAAAFE7428C66F6C00A174BC /* Build configuration list for PBXProject "NetflixClone" */;
			compatibilityVersion = "Xcode 14.0";
			developmentRegion = en;
			hasScannedForEncodings = 0;
			knownRegions = (
				en,
				Base,
			);
			mainGroup = AAAAFE7028C66F6C00A174BC;
			packageReferences = (
				AAA32DA828D143A900DE8ACA /* XCRemoteSwiftPackageReference "Kingfisher" */,
			);
			productRefGroup = AAAAFE7A28C66F6C00A174BC /* Products */;
			projectDirPath = "";
			projectRoot = "";
			targets = (
				AAAAFE7828C66F6C00A174BC /* NetflixClone */,
			);
		};
/* End PBXProject section */

/* Begin PBXResourcesBuildPhase section */
		AAAAFE7728C66F6C00A174BC /* Resources */ = {
			isa = PBXResourcesBuildPhase;
			buildActionMask = 2147483647;
			files = (
				AAAAFE8928C66F6D00A174BC /* LaunchScreen.storyboard in Resources */,
				AAAAFE8628C66F6D00A174BC /* Assets.xcassets in Resources */,
				75717D4528CE97F6008341A0 /* FavouritesTableViewCell.xib in Resources */,
				75717D4128CE960B008341A0 /* FavouritesViewController.xib in Resources */,
				754E88DF28E3A15B00636BC5 /* MovieDetailsViewController.xib in Resources */,
				75717D3C28CE7416008341A0 /* SearchCollectionViewCell.xib in Resources */,
				750B0F8528D12236005A5CBC /* MoreViewController.xib in Resources */,
			);
			runOnlyForDeploymentPostprocessing = 0;
		};
/* End PBXResourcesBuildPhase section */

/* Begin PBXShellScriptBuildPhase section */
		75F1DA2828DE7A0E00B38AAA /* ShellScript */ = {
			isa = PBXShellScriptBuildPhase;
			buildActionMask = 2147483647;
			files = (
			);
			inputFileListPaths = (
			);
			inputPaths = (
			);
			outputFileListPaths = (
			);
			outputPaths = (
			);
			runOnlyForDeploymentPostprocessing = 0;
			shellPath = /bin/sh;
			shellScript = "export PATH=\"$PATH:/opt/homebrew/bin\"\nif which swiftlint > /dev/null; then\n  swiftlint\nelse\n  echo \"warning: SwiftLint not installed, download from https://github.com/realm/SwiftLint\"\nfi\n";
		};
/* End PBXShellScriptBuildPhase section */

/* Begin PBXSourcesBuildPhase section */
		AAAAFE7528C66F6C00A174BC /* Sources */ = {
			isa = PBXSourcesBuildPhase;
			buildActionMask = 2147483647;
			files = (
				75AB73C628D8BBEC000F9D3B /* NetworkConfiguration.swift in Sources */,
				7538168E28F248BF00B1E540 /* HomeViewModel.swift in Sources */,
				75F1DA2628DE25D400B38AAA /* UIImageView+ImageLoading.swift in Sources */,
				750B0F8428D12236005A5CBC /* MoreViewController.swift in Sources */,
				7538169028F3344900B1E540 /* SearchViewModel.swift in Sources */,
				75717D4428CE97F6008341A0 /* FavouritesTableViewCell.swift in Sources */,
				AAA32DA728D1374700DE8ACA /* NetworkingManager.swift in Sources */,
				75717D4028CE960B008341A0 /* FavouritesViewController.swift in Sources */,
				754E88DA28E324BD00636BC5 /* Movie.swift in Sources */,
				751414F028CA7D81006BDB13 /* TabBarController.swift in Sources */,
				75AB73C828D909E4000F9D3B /* PosterCollectionViewCell.swift in Sources */,
				AAA32DAC28D1469F00DE8ACA /* PaginatedList.swift in Sources */,
				AAA32DAE28D146B000DE8ACA /* DiscoverMoviesRemote.swift in Sources */,
				AAAAFE7D28C66F6C00A174BC /* AppDelegate.swift in Sources */,
				7538169328F34FED00B1E540 /* MovieInfoView.swift in Sources */,
				7538169528F3502100B1E540 /* MovieInfoViewModel.swift in Sources */,
				75717D3628CE2171008341A0 /* SearchViewController.swift in Sources */,
				751414EC28CA7D12006BDB13 /* HomeViewController.swift in Sources */,
				754E88D828E3243900636BC5 /* MovieSearchMulti.swift in Sources */,
				75717D3B28CE7416008341A0 /* SearchCollectionViewCell.swift in Sources */,
				754E88DE28E3A15B00636BC5 /* MovieDetailsViewController.swift in Sources */,
			);
			runOnlyForDeploymentPostprocessing = 0;
		};
/* End PBXSourcesBuildPhase section */

/* Begin PBXVariantGroup section */
		AAAAFE8728C66F6D00A174BC /* LaunchScreen.storyboard */ = {
			isa = PBXVariantGroup;
			children = (
				AAAAFE8828C66F6D00A174BC /* Base */,
			);
			name = LaunchScreen.storyboard;
			sourceTree = "<group>";
		};
/* End PBXVariantGroup section */

/* Begin XCBuildConfiguration section */
		AAAAFE8B28C66F6D00A174BC /* Debug */ = {
			isa = XCBuildConfiguration;
			buildSettings = {
				ALWAYS_SEARCH_USER_PATHS = NO;
				CLANG_ANALYZER_NONNULL = YES;
				CLANG_ANALYZER_NUMBER_OBJECT_CONVERSION = YES_AGGRESSIVE;
				CLANG_CXX_LANGUAGE_STANDARD = "gnu++20";
				CLANG_ENABLE_MODULES = YES;
				CLANG_ENABLE_OBJC_ARC = YES;
				CLANG_ENABLE_OBJC_WEAK = YES;
				CLANG_WARN_BLOCK_CAPTURE_AUTORELEASING = YES;
				CLANG_WARN_BOOL_CONVERSION = YES;
				CLANG_WARN_COMMA = YES;
				CLANG_WARN_CONSTANT_CONVERSION = YES;
				CLANG_WARN_DEPRECATED_OBJC_IMPLEMENTATIONS = YES;
				CLANG_WARN_DIRECT_OBJC_ISA_USAGE = YES_ERROR;
				CLANG_WARN_DOCUMENTATION_COMMENTS = YES;
				CLANG_WARN_EMPTY_BODY = YES;
				CLANG_WARN_ENUM_CONVERSION = YES;
				CLANG_WARN_INFINITE_RECURSION = YES;
				CLANG_WARN_INT_CONVERSION = YES;
				CLANG_WARN_NON_LITERAL_NULL_CONVERSION = YES;
				CLANG_WARN_OBJC_IMPLICIT_RETAIN_SELF = YES;
				CLANG_WARN_OBJC_LITERAL_CONVERSION = YES;
				CLANG_WARN_OBJC_ROOT_CLASS = YES_ERROR;
				CLANG_WARN_QUOTED_INCLUDE_IN_FRAMEWORK_HEADER = YES;
				CLANG_WARN_RANGE_LOOP_ANALYSIS = YES;
				CLANG_WARN_STRICT_PROTOTYPES = YES;
				CLANG_WARN_SUSPICIOUS_MOVE = YES;
				CLANG_WARN_UNGUARDED_AVAILABILITY = YES_AGGRESSIVE;
				CLANG_WARN_UNREACHABLE_CODE = YES;
				CLANG_WARN__DUPLICATE_METHOD_MATCH = YES;
				COPY_PHASE_STRIP = NO;
				DEBUG_INFORMATION_FORMAT = dwarf;
				ENABLE_STRICT_OBJC_MSGSEND = YES;
				ENABLE_TESTABILITY = YES;
				GCC_C_LANGUAGE_STANDARD = gnu11;
				GCC_DYNAMIC_NO_PIC = NO;
				GCC_NO_COMMON_BLOCKS = YES;
				GCC_OPTIMIZATION_LEVEL = 0;
				GCC_PREPROCESSOR_DEFINITIONS = (
					"DEBUG=1",
					"$(inherited)",
				);
				GCC_WARN_64_TO_32_BIT_CONVERSION = YES;
				GCC_WARN_ABOUT_RETURN_TYPE = YES_ERROR;
				GCC_WARN_UNDECLARED_SELECTOR = YES;
				GCC_WARN_UNINITIALIZED_AUTOS = YES_AGGRESSIVE;
				GCC_WARN_UNUSED_FUNCTION = YES;
				GCC_WARN_UNUSED_VARIABLE = YES;
				IPHONEOS_DEPLOYMENT_TARGET = 16.0;
				MTL_ENABLE_DEBUG_INFO = INCLUDE_SOURCE;
				MTL_FAST_MATH = YES;
				ONLY_ACTIVE_ARCH = YES;
				SDKROOT = iphoneos;
				SWIFT_ACTIVE_COMPILATION_CONDITIONS = DEBUG;
				SWIFT_OPTIMIZATION_LEVEL = "-Onone";
			};
			name = Debug;
		};
		AAAAFE8C28C66F6D00A174BC /* Release */ = {
			isa = XCBuildConfiguration;
			buildSettings = {
				ALWAYS_SEARCH_USER_PATHS = NO;
				CLANG_ANALYZER_NONNULL = YES;
				CLANG_ANALYZER_NUMBER_OBJECT_CONVERSION = YES_AGGRESSIVE;
				CLANG_CXX_LANGUAGE_STANDARD = "gnu++20";
				CLANG_ENABLE_MODULES = YES;
				CLANG_ENABLE_OBJC_ARC = YES;
				CLANG_ENABLE_OBJC_WEAK = YES;
				CLANG_WARN_BLOCK_CAPTURE_AUTORELEASING = YES;
				CLANG_WARN_BOOL_CONVERSION = YES;
				CLANG_WARN_COMMA = YES;
				CLANG_WARN_CONSTANT_CONVERSION = YES;
				CLANG_WARN_DEPRECATED_OBJC_IMPLEMENTATIONS = YES;
				CLANG_WARN_DIRECT_OBJC_ISA_USAGE = YES_ERROR;
				CLANG_WARN_DOCUMENTATION_COMMENTS = YES;
				CLANG_WARN_EMPTY_BODY = YES;
				CLANG_WARN_ENUM_CONVERSION = YES;
				CLANG_WARN_INFINITE_RECURSION = YES;
				CLANG_WARN_INT_CONVERSION = YES;
				CLANG_WARN_NON_LITERAL_NULL_CONVERSION = YES;
				CLANG_WARN_OBJC_IMPLICIT_RETAIN_SELF = YES;
				CLANG_WARN_OBJC_LITERAL_CONVERSION = YES;
				CLANG_WARN_OBJC_ROOT_CLASS = YES_ERROR;
				CLANG_WARN_QUOTED_INCLUDE_IN_FRAMEWORK_HEADER = YES;
				CLANG_WARN_RANGE_LOOP_ANALYSIS = YES;
				CLANG_WARN_STRICT_PROTOTYPES = YES;
				CLANG_WARN_SUSPICIOUS_MOVE = YES;
				CLANG_WARN_UNGUARDED_AVAILABILITY = YES_AGGRESSIVE;
				CLANG_WARN_UNREACHABLE_CODE = YES;
				CLANG_WARN__DUPLICATE_METHOD_MATCH = YES;
				COPY_PHASE_STRIP = NO;
				DEBUG_INFORMATION_FORMAT = "dwarf-with-dsym";
				ENABLE_NS_ASSERTIONS = NO;
				ENABLE_STRICT_OBJC_MSGSEND = YES;
				GCC_C_LANGUAGE_STANDARD = gnu11;
				GCC_NO_COMMON_BLOCKS = YES;
				GCC_WARN_64_TO_32_BIT_CONVERSION = YES;
				GCC_WARN_ABOUT_RETURN_TYPE = YES_ERROR;
				GCC_WARN_UNDECLARED_SELECTOR = YES;
				GCC_WARN_UNINITIALIZED_AUTOS = YES_AGGRESSIVE;
				GCC_WARN_UNUSED_FUNCTION = YES;
				GCC_WARN_UNUSED_VARIABLE = YES;
				IPHONEOS_DEPLOYMENT_TARGET = 16.0;
				MTL_ENABLE_DEBUG_INFO = NO;
				MTL_FAST_MATH = YES;
				SDKROOT = iphoneos;
				SWIFT_COMPILATION_MODE = wholemodule;
				SWIFT_OPTIMIZATION_LEVEL = "-O";
				VALIDATE_PRODUCT = YES;
			};
			name = Release;
		};
		AAAAFE8E28C66F6D00A174BC /* Debug */ = {
			isa = XCBuildConfiguration;
			buildSettings = {
				ASSETCATALOG_COMPILER_APPICON_NAME = AppIcon;
				ASSETCATALOG_COMPILER_GLOBAL_ACCENT_COLOR_NAME = AccentColor;
				CODE_SIGN_STYLE = Automatic;
				CURRENT_PROJECT_VERSION = 1;
				DEVELOPMENT_TEAM = L79YXVBK78;
				GENERATE_INFOPLIST_FILE = YES;
				INFOPLIST_FILE = NetflixClone/Info.plist;
				INFOPLIST_KEY_UIApplicationSupportsIndirectInputEvents = YES;
				INFOPLIST_KEY_UILaunchStoryboardName = LaunchScreen;
				INFOPLIST_KEY_UISupportedInterfaceOrientations_iPad = "UIInterfaceOrientationPortrait UIInterfaceOrientationPortraitUpsideDown UIInterfaceOrientationLandscapeLeft UIInterfaceOrientationLandscapeRight";
				INFOPLIST_KEY_UISupportedInterfaceOrientations_iPhone = "UIInterfaceOrientationPortrait UIInterfaceOrientationLandscapeLeft UIInterfaceOrientationLandscapeRight";
				LD_RUNPATH_SEARCH_PATHS = (
					"$(inherited)",
					"@executable_path/Frameworks",
				);
				MARKETING_VERSION = 1.0;
				PRODUCT_BUNDLE_IDENTIFIER = com.apple.NetflixClone;
				PRODUCT_NAME = "$(TARGET_NAME)";
				SWIFT_EMIT_LOC_STRINGS = YES;
				SWIFT_VERSION = 5.0;
				TARGETED_DEVICE_FAMILY = "1,2";
			};
			name = Debug;
		};
		AAAAFE8F28C66F6D00A174BC /* Release */ = {
			isa = XCBuildConfiguration;
			buildSettings = {
				ASSETCATALOG_COMPILER_APPICON_NAME = AppIcon;
				ASSETCATALOG_COMPILER_GLOBAL_ACCENT_COLOR_NAME = AccentColor;
				CODE_SIGN_STYLE = Automatic;
				CURRENT_PROJECT_VERSION = 1;
				DEVELOPMENT_TEAM = L79YXVBK78;
				GENERATE_INFOPLIST_FILE = YES;
				INFOPLIST_FILE = NetflixClone/Info.plist;
				INFOPLIST_KEY_UIApplicationSupportsIndirectInputEvents = YES;
				INFOPLIST_KEY_UILaunchStoryboardName = LaunchScreen;
				INFOPLIST_KEY_UISupportedInterfaceOrientations_iPad = "UIInterfaceOrientationPortrait UIInterfaceOrientationPortraitUpsideDown UIInterfaceOrientationLandscapeLeft UIInterfaceOrientationLandscapeRight";
				INFOPLIST_KEY_UISupportedInterfaceOrientations_iPhone = "UIInterfaceOrientationPortrait UIInterfaceOrientationLandscapeLeft UIInterfaceOrientationLandscapeRight";
				LD_RUNPATH_SEARCH_PATHS = (
					"$(inherited)",
					"@executable_path/Frameworks",
				);
				MARKETING_VERSION = 1.0;
				PRODUCT_BUNDLE_IDENTIFIER = com.apple.NetflixClone;
				PRODUCT_NAME = "$(TARGET_NAME)";
				SWIFT_EMIT_LOC_STRINGS = YES;
				SWIFT_VERSION = 5.0;
				TARGETED_DEVICE_FAMILY = "1,2";
			};
			name = Release;
		};
/* End XCBuildConfiguration section */

/* Begin XCConfigurationList section */
		AAAAFE7428C66F6C00A174BC /* Build configuration list for PBXProject "NetflixClone" */ = {
			isa = XCConfigurationList;
			buildConfigurations = (
				AAAAFE8B28C66F6D00A174BC /* Debug */,
				AAAAFE8C28C66F6D00A174BC /* Release */,
			);
			defaultConfigurationIsVisible = 0;
			defaultConfigurationName = Release;
		};
		AAAAFE8D28C66F6D00A174BC /* Build configuration list for PBXNativeTarget "NetflixClone" */ = {
			isa = XCConfigurationList;
			buildConfigurations = (
				AAAAFE8E28C66F6D00A174BC /* Debug */,
				AAAAFE8F28C66F6D00A174BC /* Release */,
			);
			defaultConfigurationIsVisible = 0;
			defaultConfigurationName = Release;
		};
/* End XCConfigurationList section */

/* Begin XCRemoteSwiftPackageReference section */
		AAA32DA828D143A900DE8ACA /* XCRemoteSwiftPackageReference "Kingfisher" */ = {
			isa = XCRemoteSwiftPackageReference;
			repositoryURL = "https://github.com/onevcat/Kingfisher";
			requirement = {
				branch = master;
				kind = branch;
			};
		};
/* End XCRemoteSwiftPackageReference section */

/* Begin XCSwiftPackageProductDependency section */
		AAA32DA928D143A900DE8ACA /* Kingfisher */ = {
			isa = XCSwiftPackageProductDependency;
			package = AAA32DA828D143A900DE8ACA /* XCRemoteSwiftPackageReference "Kingfisher" */;
			productName = Kingfisher;
		};
/* End XCSwiftPackageProductDependency section */
	};
	rootObject = AAAAFE7128C66F6C00A174BC /* Project object */;
}
